PODS:
  - OMGHTTPURLRQ/UserAgent (3.1.2)
  - TDOAuth (1.1.2):
    - OMGHTTPURLRQ/UserAgent
  - YelpAPI (1.0.4):
    - TDOAuth (~> 1.1)

DEPENDENCIES:
  - YelpAPI

SPEC CHECKSUMS:
  OMGHTTPURLRQ: 38316b56d88125c600bcdb16df8329147da2b0ee
  TDOAuth: f7e356e834295b83c7b5066ee72a30f128c5f722
  YelpAPI: 4104b480da9cad56adfc1d26b5f9c42cac64ff01

COCOAPODS: 0.39.0
