// !$*UTF8*$!
{
	archiveVersion = 1;
	classes = {
	};
	objectVersion = 46;
	objects = {

/* Begin PBXBuildFile section */
		8BA2F1BFDF7861CAC32E5A2A /* Pods_Salem_Parks.framework in Frameworks */ = {isa = PBXBuildFile; fileRef = 25740D43FDD2ED48D7B83AEC /* Pods_Salem_Parks.framework */; };
		9012FF1E1D1C997A0075519C /* AppDelegate.swift in Sources */ = {isa = PBXBuildFile; fileRef = 9012FF1D1D1C997A0075519C /* AppDelegate.swift */; };
		9012FF231D1C997A0075519C /* Main.storyboard in Resources */ = {isa = PBXBuildFile; fileRef = 9012FF211D1C997A0075519C /* Main.storyboard */; };
		9012FF261D1C997A0075519C /* Salem_Parks.xcdatamodeld in Sources */ = {isa = PBXBuildFile; fileRef = 9012FF241D1C997A0075519C /* Salem_Parks.xcdatamodeld */; };
		9012FF281D1C997A0075519C /* Assets.xcassets in Resources */ = {isa = PBXBuildFile; fileRef = 9012FF271D1C997A0075519C /* Assets.xcassets */; };
		9012FF2B1D1C997A0075519C /* LaunchScreen.storyboard in Resources */ = {isa = PBXBuildFile; fileRef = 9012FF291D1C997A0075519C /* LaunchScreen.storyboard */; };
		9012FF361D1C997B0075519C /* Salem_ParksTests.swift in Sources */ = {isa = PBXBuildFile; fileRef = 9012FF351D1C997B0075519C /* Salem_ParksTests.swift */; };
		9012FF411D1C997B0075519C /* Salem_ParksUITests.swift in Sources */ = {isa = PBXBuildFile; fileRef = 9012FF401D1C997B0075519C /* Salem_ParksUITests.swift */; };
		9012FF501D1C99BE0075519C /* CloudKit.framework in Frameworks */ = {isa = PBXBuildFile; fileRef = 9012FF4F1D1C99BE0075519C /* CloudKit.framework */; };
		9012FF521D1CA5290075519C /* ParksListTableViewController.swift in Sources */ = {isa = PBXBuildFile; fileRef = 9012FF511D1CA5290075519C /* ParksListTableViewController.swift */; };
		9012FF541D1CA55D0075519C /* MapViewController.swift in Sources */ = {isa = PBXBuildFile; fileRef = 9012FF531D1CA55D0075519C /* MapViewController.swift */; };
		9012FF571D1CA67C0075519C /* Park+CoreDataProperties.swift in Sources */ = {isa = PBXBuildFile; fileRef = 9012FF551D1CA67C0075519C /* Park+CoreDataProperties.swift */; };
		9012FF581D1CA67C0075519C /* Park.swift in Sources */ = {isa = PBXBuildFile; fileRef = 9012FF561D1CA67C0075519C /* Park.swift */; };
		9012FF5C1D1CA7DD0075519C /* CoreDataStack.swift in Sources */ = {isa = PBXBuildFile; fileRef = 9012FF5B1D1CA7DD0075519C /* CoreDataStack.swift */; };
		9012FF5E1D1D70630075519C /* GlobalVariables.swift in Sources */ = {isa = PBXBuildFile; fileRef = 9012FF5D1D1D70630075519C /* GlobalVariables.swift */; };
		9012FF901D209A270075519C /* park_data.json in Resources */ = {isa = PBXBuildFile; fileRef = 9012FF8F1D209A270075519C /* park_data.json */; };
		9012FF921D209A310075519C /* JSON.swift in Sources */ = {isa = PBXBuildFile; fileRef = 9012FF911D209A310075519C /* JSON.swift */; };
		9012FF941D209D2A0075519C /* ParkAnnotation.swift in Sources */ = {isa = PBXBuildFile; fileRef = 9012FF931D209D2A0075519C /* ParkAnnotation.swift */; };
		9012FF971D20B6830075519C /* ParkData.swift in Sources */ = {isa = PBXBuildFile; fileRef = 9012FF961D20B6830075519C /* ParkData.swift */; };
		9012FF9B1D2162A10075519C /* DetailViewController.swift in Sources */ = {isa = PBXBuildFile; fileRef = 9012FF9A1D2162A10075519C /* DetailViewController.swift */; };
		9048BD251D39A7FB005D9164 /* PhotoPageViewController.swift in Sources */ = {isa = PBXBuildFile; fileRef = 9048BD241D39A7FB005D9164 /* PhotoPageViewController.swift */; };
		9048BD271D3AB31D005D9164 /* ParksListViewController.swift in Sources */ = {isa = PBXBuildFile; fileRef = 9048BD261D3AB31D005D9164 /* ParksListViewController.swift */; };
		90C1F9DC1D2363F50063B89E /* YelpAPIKeys.swift in Sources */ = {isa = PBXBuildFile; fileRef = 90C1F9DB1D2363F50063B89E /* YelpAPIKeys.swift */; };
		90DDBC491D24648800FD2BF3 /* CKPhoto.swift in Sources */ = {isa = PBXBuildFile; fileRef = 90DDBC481D24648800FD2BF3 /* CKPhoto.swift */; };
		90DDBC4B1D24ADB800FD2BF3 /* PhotoCollectionViewCell.swift in Sources */ = {isa = PBXBuildFile; fileRef = 90DDBC4A1D24ADB800FD2BF3 /* PhotoCollectionViewCell.swift */; };
		90DDBC4D1D24BA2800FD2BF3 /* Theme.swift in Sources */ = {isa = PBXBuildFile; fileRef = 90DDBC4C1D24BA2800FD2BF3 /* Theme.swift */; };
		90DDBC501D25FB8300FD2BF3 /* YelpPark.swift in Sources */ = {isa = PBXBuildFile; fileRef = 90DDBC4F1D25FB8300FD2BF3 /* YelpPark.swift */; };
		90DDBC521D2606A000FD2BF3 /* Yelp.plist in Resources */ = {isa = PBXBuildFile; fileRef = 90DDBC511D2606A000FD2BF3 /* Yelp.plist */; };
		90DDBC541D26C93600FD2BF3 /* ParkCoordinates.plist in Resources */ = {isa = PBXBuildFile; fileRef = 90DDBC531D26C93600FD2BF3 /* ParkCoordinates.plist */; };
		90DDBC941D2A9ED600FD2BF3 /* ParksListTableViewCell.swift in Sources */ = {isa = PBXBuildFile; fileRef = 90DDBC931D2A9ED600FD2BF3 /* ParksListTableViewCell.swift */; };
		90DDBC971D31541E00FD2BF3 /* PhotoViewController.swift in Sources */ = {isa = PBXBuildFile; fileRef = 90DDBC961D31541E00FD2BF3 /* PhotoViewController.swift */; };
		90DDBC991D34398D00FD2BF3 /* TestLocations.gpx in Resources */ = {isa = PBXBuildFile; fileRef = 90DDBC981D34398D00FD2BF3 /* TestLocations.gpx */; };
		90DDBC9B1D358AB200FD2BF3 /* ParkLocationManager.swift in Sources */ = {isa = PBXBuildFile; fileRef = 90DDBC9A1D358AB200FD2BF3 /* ParkLocationManager.swift */; };
		90DDBC9D1D3675F500FD2BF3 /* TestCoreDataStack.swift in Sources */ = {isa = PBXBuildFile; fileRef = 90DDBC9C1D3675F500FD2BF3 /* TestCoreDataStack.swift */; };
		90DDBC9F1D36768800FD2BF3 /* ParkTests.swift in Sources */ = {isa = PBXBuildFile; fileRef = 90DDBC9E1D36768800FD2BF3 /* ParkTests.swift */; };
		90DDBCA11D36C5DF00FD2BF3 /* YelpParkTests.swift in Sources */ = {isa = PBXBuildFile; fileRef = 90DDBCA01D36C5DF00FD2BF3 /* YelpParkTests.swift */; };
		90DDBCA31D36DCBC00FD2BF3 /* ParkAnnotationTests.swift in Sources */ = {isa = PBXBuildFile; fileRef = 90DDBCA21D36DCBC00FD2BF3 /* ParkAnnotationTests.swift */; };
		90DDBCA51D36E50400FD2BF3 /* ParkDataTests.swift in Sources */ = {isa = PBXBuildFile; fileRef = 90DDBCA41D36E50400FD2BF3 /* ParkDataTests.swift */; };
/* End PBXBuildFile section */

/* Begin PBXContainerItemProxy section */
		9012FF321D1C997B0075519C /* PBXContainerItemProxy */ = {
			isa = PBXContainerItemProxy;
			containerPortal = 9012FF121D1C997A0075519C /* Project object */;
			proxyType = 1;
			remoteGlobalIDString = 9012FF191D1C997A0075519C;
			remoteInfo = "Salem Parks";
		};
		9012FF3D1D1C997B0075519C /* PBXContainerItemProxy */ = {
			isa = PBXContainerItemProxy;
			containerPortal = 9012FF121D1C997A0075519C /* Project object */;
			proxyType = 1;
			remoteGlobalIDString = 9012FF191D1C997A0075519C;
			remoteInfo = "Salem Parks";
		};
/* End PBXContainerItemProxy section */

/* Begin PBXFileReference section */
		0310D70C20614B8299067951 /* Pods-Salem Parks.release.xcconfig */ = {isa = PBXFileReference; includeInIndex = 1; lastKnownFileType = text.xcconfig; name = "Pods-Salem Parks.release.xcconfig"; path = "Pods/Target Support Files/Pods-Salem Parks/Pods-Salem Parks.release.xcconfig"; sourceTree = "<group>"; };
		25740D43FDD2ED48D7B83AEC /* Pods_Salem_Parks.framework */ = {isa = PBXFileReference; explicitFileType = wrapper.framework; includeInIndex = 0; path = Pods_Salem_Parks.framework; sourceTree = BUILT_PRODUCTS_DIR; };
		9012FF1A1D1C997A0075519C /* Salem Parks.app */ = {isa = PBXFileReference; explicitFileType = wrapper.application; includeInIndex = 0; path = "Salem Parks.app"; sourceTree = BUILT_PRODUCTS_DIR; };
		9012FF1D1D1C997A0075519C /* AppDelegate.swift */ = {isa = PBXFileReference; lastKnownFileType = sourcecode.swift; path = AppDelegate.swift; sourceTree = "<group>"; };
		9012FF221D1C997A0075519C /* Base */ = {isa = PBXFileReference; lastKnownFileType = file.storyboard; name = Base; path = Base.lproj/Main.storyboard; sourceTree = "<group>"; };
		9012FF251D1C997A0075519C /* Salem_Parks.xcdatamodel */ = {isa = PBXFileReference; lastKnownFileType = wrapper.xcdatamodel; path = Salem_Parks.xcdatamodel; sourceTree = "<group>"; };
		9012FF271D1C997A0075519C /* Assets.xcassets */ = {isa = PBXFileReference; lastKnownFileType = folder.assetcatalog; path = Assets.xcassets; sourceTree = "<group>"; };
		9012FF2A1D1C997A0075519C /* Base */ = {isa = PBXFileReference; lastKnownFileType = file.storyboard; name = Base; path = Base.lproj/LaunchScreen.storyboard; sourceTree = "<group>"; };
		9012FF2C1D1C997A0075519C /* Info.plist */ = {isa = PBXFileReference; lastKnownFileType = text.plist.xml; path = Info.plist; sourceTree = "<group>"; };
		9012FF311D1C997B0075519C /* Salem ParksTests.xctest */ = {isa = PBXFileReference; explicitFileType = wrapper.cfbundle; includeInIndex = 0; path = "Salem ParksTests.xctest"; sourceTree = BUILT_PRODUCTS_DIR; };
		9012FF351D1C997B0075519C /* Salem_ParksTests.swift */ = {isa = PBXFileReference; lastKnownFileType = sourcecode.swift; path = Salem_ParksTests.swift; sourceTree = "<group>"; };
		9012FF371D1C997B0075519C /* Info.plist */ = {isa = PBXFileReference; lastKnownFileType = text.plist.xml; path = Info.plist; sourceTree = "<group>"; };
		9012FF3C1D1C997B0075519C /* Salem ParksUITests.xctest */ = {isa = PBXFileReference; explicitFileType = wrapper.cfbundle; includeInIndex = 0; path = "Salem ParksUITests.xctest"; sourceTree = BUILT_PRODUCTS_DIR; };
		9012FF401D1C997B0075519C /* Salem_ParksUITests.swift */ = {isa = PBXFileReference; lastKnownFileType = sourcecode.swift; path = Salem_ParksUITests.swift; sourceTree = "<group>"; };
		9012FF421D1C997B0075519C /* Info.plist */ = {isa = PBXFileReference; lastKnownFileType = text.plist.xml; path = Info.plist; sourceTree = "<group>"; };
		9012FF4E1D1C99BB0075519C /* Salem Parks.entitlements */ = {isa = PBXFileReference; lastKnownFileType = text.xml; path = "Salem Parks.entitlements"; sourceTree = "<group>"; };
		9012FF4F1D1C99BE0075519C /* CloudKit.framework */ = {isa = PBXFileReference; lastKnownFileType = wrapper.framework; name = CloudKit.framework; path = System/Library/Frameworks/CloudKit.framework; sourceTree = SDKROOT; };
		9012FF511D1CA5290075519C /* ParksListTableViewController.swift */ = {isa = PBXFileReference; fileEncoding = 4; lastKnownFileType = sourcecode.swift; path = ParksListTableViewController.swift; sourceTree = "<group>"; };
		9012FF531D1CA55D0075519C /* MapViewController.swift */ = {isa = PBXFileReference; fileEncoding = 4; lastKnownFileType = sourcecode.swift; path = MapViewController.swift; sourceTree = "<group>"; };
		9012FF551D1CA67C0075519C /* Park+CoreDataProperties.swift */ = {isa = PBXFileReference; fileEncoding = 4; lastKnownFileType = sourcecode.swift; path = "Park+CoreDataProperties.swift"; sourceTree = "<group>"; };
		9012FF561D1CA67C0075519C /* Park.swift */ = {isa = PBXFileReference; fileEncoding = 4; lastKnownFileType = sourcecode.swift; path = Park.swift; sourceTree = "<group>"; };
		9012FF5B1D1CA7DD0075519C /* CoreDataStack.swift */ = {isa = PBXFileReference; fileEncoding = 4; lastKnownFileType = sourcecode.swift; path = CoreDataStack.swift; sourceTree = "<group>"; };
		9012FF5D1D1D70630075519C /* GlobalVariables.swift */ = {isa = PBXFileReference; fileEncoding = 4; lastKnownFileType = sourcecode.swift; path = GlobalVariables.swift; sourceTree = "<group>"; };
		9012FF8F1D209A270075519C /* park_data.json */ = {isa = PBXFileReference; fileEncoding = 4; lastKnownFileType = text.json; path = park_data.json; sourceTree = "<group>"; };
		9012FF911D209A310075519C /* JSON.swift */ = {isa = PBXFileReference; fileEncoding = 4; lastKnownFileType = sourcecode.swift; path = JSON.swift; sourceTree = "<group>"; };
		9012FF931D209D2A0075519C /* ParkAnnotation.swift */ = {isa = PBXFileReference; fileEncoding = 4; lastKnownFileType = sourcecode.swift; path = ParkAnnotation.swift; sourceTree = "<group>"; };
		9012FF961D20B6830075519C /* ParkData.swift */ = {isa = PBXFileReference; fileEncoding = 4; lastKnownFileType = sourcecode.swift; path = ParkData.swift; sourceTree = "<group>"; };
		9012FF9A1D2162A10075519C /* DetailViewController.swift */ = {isa = PBXFileReference; fileEncoding = 4; lastKnownFileType = sourcecode.swift; path = DetailViewController.swift; sourceTree = "<group>"; };
		9048BD241D39A7FB005D9164 /* PhotoPageViewController.swift */ = {isa = PBXFileReference; fileEncoding = 4; lastKnownFileType = sourcecode.swift; path = PhotoPageViewController.swift; sourceTree = "<group>"; };
		9048BD261D3AB31D005D9164 /* ParksListViewController.swift */ = {isa = PBXFileReference; fileEncoding = 4; lastKnownFileType = sourcecode.swift; path = ParksListViewController.swift; sourceTree = "<group>"; };
		90C1F9DB1D2363F50063B89E /* YelpAPIKeys.swift */ = {isa = PBXFileReference; fileEncoding = 4; lastKnownFileType = sourcecode.swift; path = YelpAPIKeys.swift; sourceTree = "<group>"; };
		90DDBC481D24648800FD2BF3 /* CKPhoto.swift */ = {isa = PBXFileReference; fileEncoding = 4; lastKnownFileType = sourcecode.swift; path = CKPhoto.swift; sourceTree = "<group>"; };
		90DDBC4A1D24ADB800FD2BF3 /* PhotoCollectionViewCell.swift */ = {isa = PBXFileReference; fileEncoding = 4; lastKnownFileType = sourcecode.swift; path = PhotoCollectionViewCell.swift; sourceTree = "<group>"; };
		90DDBC4C1D24BA2800FD2BF3 /* Theme.swift */ = {isa = PBXFileReference; fileEncoding = 4; lastKnownFileType = sourcecode.swift; path = Theme.swift; sourceTree = "<group>"; };
		90DDBC4F1D25FB8300FD2BF3 /* YelpPark.swift */ = {isa = PBXFileReference; fileEncoding = 4; lastKnownFileType = sourcecode.swift; path = YelpPark.swift; sourceTree = "<group>"; };
		90DDBC511D2606A000FD2BF3 /* Yelp.plist */ = {isa = PBXFileReference; fileEncoding = 4; lastKnownFileType = text.plist.xml; path = Yelp.plist; sourceTree = "<group>"; };
		90DDBC531D26C93600FD2BF3 /* ParkCoordinates.plist */ = {isa = PBXFileReference; fileEncoding = 4; lastKnownFileType = text.plist.xml; path = ParkCoordinates.plist; sourceTree = "<group>"; };
		90DDBC931D2A9ED600FD2BF3 /* ParksListTableViewCell.swift */ = {isa = PBXFileReference; fileEncoding = 4; lastKnownFileType = sourcecode.swift; path = ParksListTableViewCell.swift; sourceTree = "<group>"; };
		90DDBC961D31541E00FD2BF3 /* PhotoViewController.swift */ = {isa = PBXFileReference; fileEncoding = 4; lastKnownFileType = sourcecode.swift; path = PhotoViewController.swift; sourceTree = "<group>"; };
		90DDBC981D34398D00FD2BF3 /* TestLocations.gpx */ = {isa = PBXFileReference; fileEncoding = 4; lastKnownFileType = text; path = TestLocations.gpx; sourceTree = "<group>"; };
		90DDBC9A1D358AB200FD2BF3 /* ParkLocationManager.swift */ = {isa = PBXFileReference; fileEncoding = 4; lastKnownFileType = sourcecode.swift; path = ParkLocationManager.swift; sourceTree = "<group>"; };
		90DDBC9C1D3675F500FD2BF3 /* TestCoreDataStack.swift */ = {isa = PBXFileReference; fileEncoding = 4; lastKnownFileType = sourcecode.swift; path = TestCoreDataStack.swift; sourceTree = "<group>"; };
		90DDBC9E1D36768800FD2BF3 /* ParkTests.swift */ = {isa = PBXFileReference; fileEncoding = 4; lastKnownFileType = sourcecode.swift; path = ParkTests.swift; sourceTree = "<group>"; };
		90DDBCA01D36C5DF00FD2BF3 /* YelpParkTests.swift */ = {isa = PBXFileReference; fileEncoding = 4; lastKnownFileType = sourcecode.swift; path = YelpParkTests.swift; sourceTree = "<group>"; };
		90DDBCA21D36DCBC00FD2BF3 /* ParkAnnotationTests.swift */ = {isa = PBXFileReference; fileEncoding = 4; lastKnownFileType = sourcecode.swift; path = ParkAnnotationTests.swift; sourceTree = "<group>"; };
		90DDBCA41D36E50400FD2BF3 /* ParkDataTests.swift */ = {isa = PBXFileReference; fileEncoding = 4; lastKnownFileType = sourcecode.swift; path = ParkDataTests.swift; sourceTree = "<group>"; };
		B9540BDBC4F9C6952259D168 /* Pods-Salem Parks.debug.xcconfig */ = {isa = PBXFileReference; includeInIndex = 1; lastKnownFileType = text.xcconfig; name = "Pods-Salem Parks.debug.xcconfig"; path = "Pods/Target Support Files/Pods-Salem Parks/Pods-Salem Parks.debug.xcconfig"; sourceTree = "<group>"; };
/* End PBXFileReference section */

/* Begin PBXFrameworksBuildPhase section */
		9012FF171D1C997A0075519C /* Frameworks */ = {
			isa = PBXFrameworksBuildPhase;
			buildActionMask = 2147483647;
			files = (
				9012FF501D1C99BE0075519C /* CloudKit.framework in Frameworks */,
				8BA2F1BFDF7861CAC32E5A2A /* Pods_Salem_Parks.framework in Frameworks */,
			);
			runOnlyForDeploymentPostprocessing = 0;
		};
		9012FF2E1D1C997B0075519C /* Frameworks */ = {
			isa = PBXFrameworksBuildPhase;
			buildActionMask = 2147483647;
			files = (
			);
			runOnlyForDeploymentPostprocessing = 0;
		};
		9012FF391D1C997B0075519C /* Frameworks */ = {
			isa = PBXFrameworksBuildPhase;
			buildActionMask = 2147483647;
			files = (
			);
			runOnlyForDeploymentPostprocessing = 0;
		};
/* End PBXFrameworksBuildPhase section */

/* Begin PBXGroup section */
		49F95384CC29F8758432A222 /* Frameworks */ = {
			isa = PBXGroup;
			children = (
				25740D43FDD2ED48D7B83AEC /* Pods_Salem_Parks.framework */,
			);
			name = Frameworks;
			sourceTree = "<group>";
		};
		9012FF111D1C997A0075519C = {
			isa = PBXGroup;
			children = (
				9012FF4F1D1C99BE0075519C /* CloudKit.framework */,
				9012FF1C1D1C997A0075519C /* Salem Parks */,
				9012FF341D1C997B0075519C /* Salem ParksTests */,
				9012FF3F1D1C997B0075519C /* Salem ParksUITests */,
				9012FF1B1D1C997A0075519C /* Products */,
				C748B20D0A1B0F0C7E06CFE8 /* Pods */,
				49F95384CC29F8758432A222 /* Frameworks */,
			);
			sourceTree = "<group>";
		};
		9012FF1B1D1C997A0075519C /* Products */ = {
			isa = PBXGroup;
			children = (
				9012FF1A1D1C997A0075519C /* Salem Parks.app */,
				9012FF311D1C997B0075519C /* Salem ParksTests.xctest */,
				9012FF3C1D1C997B0075519C /* Salem ParksUITests.xctest */,
			);
			name = Products;
			sourceTree = "<group>";
		};
		9012FF1C1D1C997A0075519C /* Salem Parks */ = {
			isa = PBXGroup;
			children = (
				9048BD261D3AB31D005D9164 /* ParksListViewController.swift */,
				9012FF511D1CA5290075519C /* ParksListTableViewController.swift */,
				90DDBC931D2A9ED600FD2BF3 /* ParksListTableViewCell.swift */,
				9012FF531D1CA55D0075519C /* MapViewController.swift */,
				9012FF9A1D2162A10075519C /* DetailViewController.swift */,
				90DDBC961D31541E00FD2BF3 /* PhotoViewController.swift */,
				9048BD241D39A7FB005D9164 /* PhotoPageViewController.swift */,
				90DDBC4A1D24ADB800FD2BF3 /* PhotoCollectionViewCell.swift */,
				9012FF1D1D1C997A0075519C /* AppDelegate.swift */,
				9012FF5D1D1D70630075519C /* GlobalVariables.swift */,
				90DDBC4C1D24BA2800FD2BF3 /* Theme.swift */,
				90C1F9DB1D2363F50063B89E /* YelpAPIKeys.swift */,
				9012FF951D20B39F0075519C /* Model */,
				9012FF591D1CA6810075519C /* Core Data */,
				9012FF211D1C997A0075519C /* Main.storyboard */,
				9012FF291D1C997A0075519C /* LaunchScreen.storyboard */,
				9012FF271D1C997A0075519C /* Assets.xcassets */,
				9012FF2C1D1C997A0075519C /* Info.plist */,
				9012FF4E1D1C99BB0075519C /* Salem Parks.entitlements */,
				9012FF241D1C997A0075519C /* Salem_Parks.xcdatamodeld */,
			);
			path = "Salem Parks";
			sourceTree = "<group>";
		};
		9012FF341D1C997B0075519C /* Salem ParksTests */ = {
			isa = PBXGroup;
			children = (
				9012FF351D1C997B0075519C /* Salem_ParksTests.swift */,
				90DDBC9E1D36768800FD2BF3 /* ParkTests.swift */,
				90DDBCA41D36E50400FD2BF3 /* ParkDataTests.swift */,
				90DDBCA21D36DCBC00FD2BF3 /* ParkAnnotationTests.swift */,
				90DDBCA01D36C5DF00FD2BF3 /* YelpParkTests.swift */,
				90DDBC9C1D3675F500FD2BF3 /* TestCoreDataStack.swift */,
				9012FF371D1C997B0075519C /* Info.plist */,
			);
			path = "Salem ParksTests";
			sourceTree = "<group>";
		};
		9012FF3F1D1C997B0075519C /* Salem ParksUITests */ = {
			isa = PBXGroup;
			children = (
				9012FF401D1C997B0075519C /* Salem_ParksUITests.swift */,
				9012FF421D1C997B0075519C /* Info.plist */,
			);
			path = "Salem ParksUITests";
			sourceTree = "<group>";
		};
		9012FF591D1CA6810075519C /* Core Data */ = {
			isa = PBXGroup;
			children = (
				9012FF5B1D1CA7DD0075519C /* CoreDataStack.swift */,
				9012FF551D1CA67C0075519C /* Park+CoreDataProperties.swift */,
				9012FF561D1CA67C0075519C /* Park.swift */,
			);
			name = "Core Data";
			sourceTree = "<group>";
		};
		9012FF951D20B39F0075519C /* Model */ = {
			isa = PBXGroup;
			children = (
				90DDBC481D24648800FD2BF3 /* CKPhoto.swift */,
				90DDBC4F1D25FB8300FD2BF3 /* YelpPark.swift */,
				9012FF931D209D2A0075519C /* ParkAnnotation.swift */,
				9012FF961D20B6830075519C /* ParkData.swift */,
				90DDBC9A1D358AB200FD2BF3 /* ParkLocationManager.swift */,
				9012FF8F1D209A270075519C /* park_data.json */,
				90DDBC531D26C93600FD2BF3 /* ParkCoordinates.plist */,
				90DDBC511D2606A000FD2BF3 /* Yelp.plist */,
				9012FF911D209A310075519C /* JSON.swift */,
				90DDBC981D34398D00FD2BF3 /* TestLocations.gpx */,
			);
			name = Model;
			sourceTree = "<group>";
		};
		C748B20D0A1B0F0C7E06CFE8 /* Pods */ = {
			isa = PBXGroup;
			children = (
				B9540BDBC4F9C6952259D168 /* Pods-Salem Parks.debug.xcconfig */,
				0310D70C20614B8299067951 /* Pods-Salem Parks.release.xcconfig */,
			);
			name = Pods;
			sourceTree = "<group>";
		};
/* End PBXGroup section */

/* Begin PBXNativeTarget section */
		9012FF191D1C997A0075519C /* Salem Parks */ = {
			isa = PBXNativeTarget;
			buildConfigurationList = 9012FF451D1C997B0075519C /* Build configuration list for PBXNativeTarget "Salem Parks" */;
			buildPhases = (
				FFD5837EF36541ECFC1824EE /* Check Pods Manifest.lock */,
				9012FF161D1C997A0075519C /* Sources */,
				9012FF171D1C997A0075519C /* Frameworks */,
				9012FF181D1C997A0075519C /* Resources */,
				7FCA679D57B9923D1B225A17 /* Embed Pods Frameworks */,
				C96443032B1F4F5BED995B12 /* Copy Pods Resources */,
			);
			buildRules = (
			);
			dependencies = (
			);
			name = "Salem Parks";
			productName = "Salem Parks";
			productReference = 9012FF1A1D1C997A0075519C /* Salem Parks.app */;
			productType = "com.apple.product-type.application";
		};
		9012FF301D1C997B0075519C /* Salem ParksTests */ = {
			isa = PBXNativeTarget;
			buildConfigurationList = 9012FF481D1C997B0075519C /* Build configuration list for PBXNativeTarget "Salem ParksTests" */;
			buildPhases = (
				9012FF2D1D1C997B0075519C /* Sources */,
				9012FF2E1D1C997B0075519C /* Frameworks */,
				9012FF2F1D1C997B0075519C /* Resources */,
			);
			buildRules = (
			);
			dependencies = (
				9012FF331D1C997B0075519C /* PBXTargetDependency */,
			);
			name = "Salem ParksTests";
			productName = "Salem ParksTests";
			productReference = 9012FF311D1C997B0075519C /* Salem ParksTests.xctest */;
			productType = "com.apple.product-type.bundle.unit-test";
		};
		9012FF3B1D1C997B0075519C /* Salem ParksUITests */ = {
			isa = PBXNativeTarget;
			buildConfigurationList = 9012FF4B1D1C997B0075519C /* Build configuration list for PBXNativeTarget "Salem ParksUITests" */;
			buildPhases = (
				9012FF381D1C997B0075519C /* Sources */,
				9012FF391D1C997B0075519C /* Frameworks */,
				9012FF3A1D1C997B0075519C /* Resources */,
			);
			buildRules = (
			);
			dependencies = (
				9012FF3E1D1C997B0075519C /* PBXTargetDependency */,
			);
			name = "Salem ParksUITests";
			productName = "Salem ParksUITests";
			productReference = 9012FF3C1D1C997B0075519C /* Salem ParksUITests.xctest */;
			productType = "com.apple.product-type.bundle.ui-testing";
		};
/* End PBXNativeTarget section */

/* Begin PBXProject section */
		9012FF121D1C997A0075519C /* Project object */ = {
			isa = PBXProject;
			attributes = {
				LastSwiftUpdateCheck = 0730;
				LastUpgradeCheck = 0730;
				ORGANIZATIONNAME = "Morgan Davison";
				TargetAttributes = {
					9012FF191D1C997A0075519C = {
						CreatedOnToolsVersion = 7.3.1;
						DevelopmentTeam = 2TEP68NZCD;
						SystemCapabilities = {
							com.apple.BackgroundModes = {
								enabled = 1;
							};
							com.apple.Push = {
								enabled = 1;
							};
							com.apple.iCloud = {
								enabled = 1;
							};
						};
					};
					9012FF301D1C997B0075519C = {
						CreatedOnToolsVersion = 7.3.1;
						TestTargetID = 9012FF191D1C997A0075519C;
					};
					9012FF3B1D1C997B0075519C = {
						CreatedOnToolsVersion = 7.3.1;
						TestTargetID = 9012FF191D1C997A0075519C;
					};
				};
			};
			buildConfigurationList = 9012FF151D1C997A0075519C /* Build configuration list for PBXProject "Salem Parks" */;
			compatibilityVersion = "Xcode 3.2";
			developmentRegion = English;
			hasScannedForEncodings = 0;
			knownRegions = (
				en,
				Base,
			);
			mainGroup = 9012FF111D1C997A0075519C;
			productRefGroup = 9012FF1B1D1C997A0075519C /* Products */;
			projectDirPath = "";
			projectRoot = "";
			targets = (
				9012FF191D1C997A0075519C /* Salem Parks */,
				9012FF301D1C997B0075519C /* Salem ParksTests */,
				9012FF3B1D1C997B0075519C /* Salem ParksUITests */,
			);
		};
/* End PBXProject section */

/* Begin PBXResourcesBuildPhase section */
		9012FF181D1C997A0075519C /* Resources */ = {
			isa = PBXResourcesBuildPhase;
			buildActionMask = 2147483647;
			files = (
				9012FF2B1D1C997A0075519C /* LaunchScreen.storyboard in Resources */,
				90DDBC991D34398D00FD2BF3 /* TestLocations.gpx in Resources */,
				90DDBC521D2606A000FD2BF3 /* Yelp.plist in Resources */,
				9012FF281D1C997A0075519C /* Assets.xcassets in Resources */,
				9012FF901D209A270075519C /* park_data.json in Resources */,
				90DDBC541D26C93600FD2BF3 /* ParkCoordinates.plist in Resources */,
				9012FF231D1C997A0075519C /* Main.storyboard in Resources */,
			);
			runOnlyForDeploymentPostprocessing = 0;
		};
		9012FF2F1D1C997B0075519C /* Resources */ = {
			isa = PBXResourcesBuildPhase;
			buildActionMask = 2147483647;
			files = (
			);
			runOnlyForDeploymentPostprocessing = 0;
		};
		9012FF3A1D1C997B0075519C /* Resources */ = {
			isa = PBXResourcesBuildPhase;
			buildActionMask = 2147483647;
			files = (
			);
			runOnlyForDeploymentPostprocessing = 0;
		};
/* End PBXResourcesBuildPhase section */

/* Begin PBXShellScriptBuildPhase section */
		7FCA679D57B9923D1B225A17 /* Embed Pods Frameworks */ = {
			isa = PBXShellScriptBuildPhase;
			buildActionMask = 2147483647;
			files = (
			);
			inputPaths = (
			);
			name = "Embed Pods Frameworks";
			outputPaths = (
			);
			runOnlyForDeploymentPostprocessing = 0;
			shellPath = /bin/sh;
			shellScript = "\"${SRCROOT}/Pods/Target Support Files/Pods-Salem Parks/Pods-Salem Parks-frameworks.sh\"\n";
			showEnvVarsInLog = 0;
		};
		C96443032B1F4F5BED995B12 /* Copy Pods Resources */ = {
			isa = PBXShellScriptBuildPhase;
			buildActionMask = 2147483647;
			files = (
			);
			inputPaths = (
			);
			name = "Copy Pods Resources";
			outputPaths = (
			);
			runOnlyForDeploymentPostprocessing = 0;
			shellPath = /bin/sh;
			shellScript = "\"${SRCROOT}/Pods/Target Support Files/Pods-Salem Parks/Pods-Salem Parks-resources.sh\"\n";
			showEnvVarsInLog = 0;
		};
		FFD5837EF36541ECFC1824EE /* Check Pods Manifest.lock */ = {
			isa = PBXShellScriptBuildPhase;
			buildActionMask = 2147483647;
			files = (
			);
			inputPaths = (
			);
			name = "Check Pods Manifest.lock";
			outputPaths = (
			);
			runOnlyForDeploymentPostprocessing = 0;
			shellPath = /bin/sh;
			shellScript = "diff \"${PODS_ROOT}/../Podfile.lock\" \"${PODS_ROOT}/Manifest.lock\" > /dev/null\nif [[ $? != 0 ]] ; then\n    cat << EOM\nerror: The sandbox is not in sync with the Podfile.lock. Run 'pod install' or update your CocoaPods installation.\nEOM\n    exit 1\nfi\n";
			showEnvVarsInLog = 0;
		};
/* End PBXShellScriptBuildPhase section */

/* Begin PBXSourcesBuildPhase section */
		9012FF161D1C997A0075519C /* Sources */ = {
			isa = PBXSourcesBuildPhase;
			buildActionMask = 2147483647;
			files = (
				90DDBC491D24648800FD2BF3 /* CKPhoto.swift in Sources */,
				9012FF9B1D2162A10075519C /* DetailViewController.swift in Sources */,
				90DDBC941D2A9ED600FD2BF3 /* ParksListTableViewCell.swift in Sources */,
				9012FF941D209D2A0075519C /* ParkAnnotation.swift in Sources */,
				9012FF5C1D1CA7DD0075519C /* CoreDataStack.swift in Sources */,
				90DDBC4B1D24ADB800FD2BF3 /* PhotoCollectionViewCell.swift in Sources */,
				9012FF521D1CA5290075519C /* ParksListTableViewController.swift in Sources */,
				9012FF5E1D1D70630075519C /* GlobalVariables.swift in Sources */,
				90DDBC971D31541E00FD2BF3 /* PhotoViewController.swift in Sources */,
				9012FF921D209A310075519C /* JSON.swift in Sources */,
				90DDBC501D25FB8300FD2BF3 /* YelpPark.swift in Sources */,
				90DDBC4D1D24BA2800FD2BF3 /* Theme.swift in Sources */,
				9012FF581D1CA67C0075519C /* Park.swift in Sources */,
				9012FF571D1CA67C0075519C /* Park+CoreDataProperties.swift in Sources */,
				9048BD251D39A7FB005D9164 /* PhotoPageViewController.swift in Sources */,
				9012FF261D1C997A0075519C /* Salem_Parks.xcdatamodeld in Sources */,
				90C1F9DC1D2363F50063B89E /* YelpAPIKeys.swift in Sources */,
				9012FF971D20B6830075519C /* ParkData.swift in Sources */,
				9048BD271D3AB31D005D9164 /* ParksListViewController.swift in Sources */,
				9012FF1E1D1C997A0075519C /* AppDelegate.swift in Sources */,
				90DDBC9B1D358AB200FD2BF3 /* ParkLocationManager.swift in Sources */,
				9012FF541D1CA55D0075519C /* MapViewController.swift in Sources */,
			);
			runOnlyForDeploymentPostprocessing = 0;
		};
		9012FF2D1D1C997B0075519C /* Sources */ = {
			isa = PBXSourcesBuildPhase;
			buildActionMask = 2147483647;
			files = (
				90DDBC9F1D36768800FD2BF3 /* ParkTests.swift in Sources */,
				90DDBCA11D36C5DF00FD2BF3 /* YelpParkTests.swift in Sources */,
				90DDBCA31D36DCBC00FD2BF3 /* ParkAnnotationTests.swift in Sources */,
				9012FF361D1C997B0075519C /* Salem_ParksTests.swift in Sources */,
				90DDBC9D1D3675F500FD2BF3 /* TestCoreDataStack.swift in Sources */,
				90DDBCA51D36E50400FD2BF3 /* ParkDataTests.swift in Sources */,
			);
			runOnlyForDeploymentPostprocessing = 0;
		};
		9012FF381D1C997B0075519C /* Sources */ = {
			isa = PBXSourcesBuildPhase;
			buildActionMask = 2147483647;
			files = (
				9012FF411D1C997B0075519C /* Salem_ParksUITests.swift in Sources */,
			);
			runOnlyForDeploymentPostprocessing = 0;
		};
/* End PBXSourcesBuildPhase section */

/* Begin PBXTargetDependency section */
		9012FF331D1C997B0075519C /* PBXTargetDependency */ = {
			isa = PBXTargetDependency;
			target = 9012FF191D1C997A0075519C /* Salem Parks */;
			targetProxy = 9012FF321D1C997B0075519C /* PBXContainerItemProxy */;
		};
		9012FF3E1D1C997B0075519C /* PBXTargetDependency */ = {
			isa = PBXTargetDependency;
			target = 9012FF191D1C997A0075519C /* Salem Parks */;
			targetProxy = 9012FF3D1D1C997B0075519C /* PBXContainerItemProxy */;
		};
/* End PBXTargetDependency section */

/* Begin PBXVariantGroup section */
		9012FF211D1C997A0075519C /* Main.storyboard */ = {
			isa = PBXVariantGroup;
			children = (
				9012FF221D1C997A0075519C /* Base */,
			);
			name = Main.storyboard;
			sourceTree = "<group>";
		};
		9012FF291D1C997A0075519C /* LaunchScreen.storyboard */ = {
			isa = PBXVariantGroup;
			children = (
				9012FF2A1D1C997A0075519C /* Base */,
			);
			name = LaunchScreen.storyboard;
			sourceTree = "<group>";
		};
/* End PBXVariantGroup section */

/* Begin XCBuildConfiguration section */
		9012FF431D1C997B0075519C /* Debug */ = {
			isa = XCBuildConfiguration;
			buildSettings = {
				ALWAYS_SEARCH_USER_PATHS = NO;
				CLANG_ANALYZER_NONNULL = YES;
				CLANG_CXX_LANGUAGE_STANDARD = "gnu++0x";
				CLANG_CXX_LIBRARY = "libc++";
				CLANG_ENABLE_MODULES = YES;
				CLANG_ENABLE_OBJC_ARC = YES;
				CLANG_WARN_BOOL_CONVERSION = YES;
				CLANG_WARN_CONSTANT_CONVERSION = YES;
				CLANG_WARN_DIRECT_OBJC_ISA_USAGE = YES_ERROR;
				CLANG_WARN_EMPTY_BODY = YES;
				CLANG_WARN_ENUM_CONVERSION = YES;
				CLANG_WARN_INT_CONVERSION = YES;
				CLANG_WARN_OBJC_ROOT_CLASS = YES_ERROR;
				CLANG_WARN_UNREACHABLE_CODE = YES;
				CLANG_WARN__DUPLICATE_METHOD_MATCH = YES;
				"CODE_SIGN_IDENTITY[sdk=iphoneos*]" = "iPhone Developer";
				COPY_PHASE_STRIP = NO;
				DEBUG_INFORMATION_FORMAT = dwarf;
				ENABLE_STRICT_OBJC_MSGSEND = YES;
				ENABLE_TESTABILITY = YES;
				GCC_C_LANGUAGE_STANDARD = gnu99;
				GCC_DYNAMIC_NO_PIC = NO;
				GCC_NO_COMMON_BLOCKS = YES;
				GCC_OPTIMIZATION_LEVEL = 0;
				GCC_PREPROCESSOR_DEFINITIONS = (
					"DEBUG=1",
					"$(inherited)",
				);
				GCC_WARN_64_TO_32_BIT_CONVERSION = YES;
				GCC_WARN_ABOUT_RETURN_TYPE = YES_ERROR;
				GCC_WARN_UNDECLARED_SELECTOR = YES;
				GCC_WARN_UNINITIALIZED_AUTOS = YES_AGGRESSIVE;
				GCC_WARN_UNUSED_FUNCTION = YES;
				GCC_WARN_UNUSED_VARIABLE = YES;
				IPHONEOS_DEPLOYMENT_TARGET = 9.3;
				MTL_ENABLE_DEBUG_INFO = YES;
				ONLY_ACTIVE_ARCH = YES;
				SDKROOT = iphoneos;
				SWIFT_OPTIMIZATION_LEVEL = "-Onone";
				TARGETED_DEVICE_FAMILY = "1,2";
			};
			name = Debug;
		};
		9012FF441D1C997B0075519C /* Release */ = {
			isa = XCBuildConfiguration;
			buildSettings = {
				ALWAYS_SEARCH_USER_PATHS = NO;
				CLANG_ANALYZER_NONNULL = YES;
				CLANG_CXX_LANGUAGE_STANDARD = "gnu++0x";
				CLANG_CXX_LIBRARY = "libc++";
				CLANG_ENABLE_MODULES = YES;
				CLANG_ENABLE_OBJC_ARC = YES;
				CLANG_WARN_BOOL_CONVERSION = YES;
				CLANG_WARN_CONSTANT_CONVERSION = YES;
				CLANG_WARN_DIRECT_OBJC_ISA_USAGE = YES_ERROR;
				CLANG_WARN_EMPTY_BODY = YES;
				CLANG_WARN_ENUM_CONVERSION = YES;
				CLANG_WARN_INT_CONVERSION = YES;
				CLANG_WARN_OBJC_ROOT_CLASS = YES_ERROR;
				CLANG_WARN_UNREACHABLE_CODE = YES;
				CLANG_WARN__DUPLICATE_METHOD_MATCH = YES;
				"CODE_SIGN_IDENTITY[sdk=iphoneos*]" = "iPhone Developer";
				COPY_PHASE_STRIP = NO;
				DEBUG_INFORMATION_FORMAT = "dwarf-with-dsym";
				ENABLE_NS_ASSERTIONS = NO;
				ENABLE_STRICT_OBJC_MSGSEND = YES;
				GCC_C_LANGUAGE_STANDARD = gnu99;
				GCC_NO_COMMON_BLOCKS = YES;
				GCC_WARN_64_TO_32_BIT_CONVERSION = YES;
				GCC_WARN_ABOUT_RETURN_TYPE = YES_ERROR;
				GCC_WARN_UNDECLARED_SELECTOR = YES;
				GCC_WARN_UNINITIALIZED_AUTOS = YES_AGGRESSIVE;
				GCC_WARN_UNUSED_FUNCTION = YES;
				GCC_WARN_UNUSED_VARIABLE = YES;
				IPHONEOS_DEPLOYMENT_TARGET = 9.3;
				MTL_ENABLE_DEBUG_INFO = NO;
				SDKROOT = iphoneos;
				TARGETED_DEVICE_FAMILY = "1,2";
				VALIDATE_PRODUCT = YES;
			};
			name = Release;
		};
		9012FF461D1C997B0075519C /* Debug */ = {
			isa = XCBuildConfiguration;
			baseConfigurationReference = B9540BDBC4F9C6952259D168 /* Pods-Salem Parks.debug.xcconfig */;
			buildSettings = {
				ASSETCATALOG_COMPILER_APPICON_NAME = AppIcon;
				CODE_SIGN_ENTITLEMENTS = "Salem Parks/Salem Parks.entitlements";
				INFOPLIST_FILE = "Salem Parks/Info.plist";
				LD_RUNPATH_SEARCH_PATHS = "$(inherited) @executable_path/Frameworks";
				PRODUCT_BUNDLE_IDENTIFIER = "com.morgandavison.Salem-Parks";
				PRODUCT_NAME = "$(TARGET_NAME)";
			};
			name = Debug;
		};
		9012FF471D1C997B0075519C /* Release */ = {
			isa = XCBuildConfiguration;
			baseConfigurationReference = 0310D70C20614B8299067951 /* Pods-Salem Parks.release.xcconfig */;
			buildSettings = {
				ASSETCATALOG_COMPILER_APPICON_NAME = AppIcon;
				CODE_SIGN_ENTITLEMENTS = "Salem Parks/Salem Parks.entitlements";
				INFOPLIST_FILE = "Salem Parks/Info.plist";
				LD_RUNPATH_SEARCH_PATHS = "$(inherited) @executable_path/Frameworks";
				PRODUCT_BUNDLE_IDENTIFIER = "com.morgandavison.Salem-Parks";
				PRODUCT_NAME = "$(TARGET_NAME)";
			};
			name = Release;
		};
		9012FF491D1C997B0075519C /* Debug */ = {
			isa = XCBuildConfiguration;
			buildSettings = {
				BUNDLE_LOADER = "$(TEST_HOST)";
				INFOPLIST_FILE = "Salem ParksTests/Info.plist";
				LD_RUNPATH_SEARCH_PATHS = "$(inherited) @executable_path/Frameworks @loader_path/Frameworks";
				PRODUCT_BUNDLE_IDENTIFIER = "com.morgandavison.Salem-ParksTests";
				PRODUCT_NAME = "$(TARGET_NAME)";
				TEST_HOST = "$(BUILT_PRODUCTS_DIR)/Salem Parks.app/Salem Parks";
			};
			name = Debug;
		};
		9012FF4A1D1C997B0075519C /* Release */ = {
			isa = XCBuildConfiguration;
			buildSettings = {
				BUNDLE_LOADER = "$(TEST_HOST)";
				INFOPLIST_FILE = "Salem ParksTests/Info.plist";
				LD_RUNPATH_SEARCH_PATHS = "$(inherited) @executable_path/Frameworks @loader_path/Frameworks";
				PRODUCT_BUNDLE_IDENTIFIER = "com.morgandavison.Salem-ParksTests";
				PRODUCT_NAME = "$(TARGET_NAME)";
				TEST_HOST = "$(BUILT_PRODUCTS_DIR)/Salem Parks.app/Salem Parks";
			};
			name = Release;
		};
		9012FF4C1D1C997B0075519C /* Debug */ = {
			isa = XCBuildConfiguration;
			buildSettings = {
				INFOPLIST_FILE = "Salem ParksUITests/Info.plist";
				LD_RUNPATH_SEARCH_PATHS = "$(inherited) @executable_path/Frameworks @loader_path/Frameworks";
				PRODUCT_BUNDLE_IDENTIFIER = "com.morgandavison.Salem-ParksUITests";
				PRODUCT_NAME = "$(TARGET_NAME)";
				TEST_TARGET_NAME = "Salem Parks";
			};
			name = Debug;
		};
		9012FF4D1D1C997B0075519C /* Release */ = {
			isa = XCBuildConfiguration;
			buildSettings = {
				INFOPLIST_FILE = "Salem ParksUITests/Info.plist";
				LD_RUNPATH_SEARCH_PATHS = "$(inherited) @executable_path/Frameworks @loader_path/Frameworks";
				PRODUCT_BUNDLE_IDENTIFIER = "com.morgandavison.Salem-ParksUITests";
				PRODUCT_NAME = "$(TARGET_NAME)";
				TEST_TARGET_NAME = "Salem Parks";
			};
			name = Release;
		};
/* End XCBuildConfiguration section */

/* Begin XCConfigurationList section */
		9012FF151D1C997A0075519C /* Build configuration list for PBXProject "Salem Parks" */ = {
			isa = XCConfigurationList;
			buildConfigurations = (
				9012FF431D1C997B0075519C /* Debug */,
				9012FF441D1C997B0075519C /* Release */,
			);
			defaultConfigurationIsVisible = 0;
			defaultConfigurationName = Release;
		};
		9012FF451D1C997B0075519C /* Build configuration list for PBXNativeTarget "Salem Parks" */ = {
			isa = XCConfigurationList;
			buildConfigurations = (
				9012FF461D1C997B0075519C /* Debug */,
				9012FF471D1C997B0075519C /* Release */,
			);
			defaultConfigurationIsVisible = 0;
			defaultConfigurationName = Release;
		};
		9012FF481D1C997B0075519C /* Build configuration list for PBXNativeTarget "Salem ParksTests" */ = {
			isa = XCConfigurationList;
			buildConfigurations = (
				9012FF491D1C997B0075519C /* Debug */,
				9012FF4A1D1C997B0075519C /* Release */,
			);
			defaultConfigurationIsVisible = 0;
			defaultConfigurationName = Release;
		};
		9012FF4B1D1C997B0075519C /* Build configuration list for PBXNativeTarget "Salem ParksUITests" */ = {
			isa = XCConfigurationList;
			buildConfigurations = (
				9012FF4C1D1C997B0075519C /* Debug */,
				9012FF4D1D1C997B0075519C /* Release */,
			);
			defaultConfigurationIsVisible = 0;
			defaultConfigurationName = Release;
		};
/* End XCConfigurationList section */

/* Begin XCVersionGroup section */
		9012FF241D1C997A0075519C /* Salem_Parks.xcdatamodeld */ = {
			isa = XCVersionGroup;
			children = (
				9012FF251D1C997A0075519C /* Salem_Parks.xcdatamodel */,
			);
			currentVersion = 9012FF251D1C997A0075519C /* Salem_Parks.xcdatamodel */;
			path = Salem_Parks.xcdatamodeld;
			sourceTree = "<group>";
			versionGroupType = wrapper.xcdatamodel;
		};
/* End XCVersionGroup section */
	};
	rootObject = 9012FF121D1C997A0075519C /* Project object */;
}
